<?xml version="1.0" encoding="utf-8"?>
<Project ToolsVersion="4.0" xmlns="http://schemas.microsoft.com/developer/msbuild/2003">
  <ItemGroup>
    <Filter Include="source">
      <UniqueIdentifier>{a7010149-1db8-42cb-8e73-e0530ac95892}</UniqueIdentifier>
      <Extensions>cpp;c;cxx;def;odl;idl;hpj;bat;asm</Extensions>
    </Filter>
    <Filter Include="include">
      <UniqueIdentifier>{51808acd-bf3f-478a-b355-488174068172}</UniqueIdentifier>
      <Extensions>h;hpp;hxx;hm;inl;inc</Extensions>
    </Filter>
    <Filter Include="resource">
      <UniqueIdentifier>{fe53c974-4b38-44b3-9b17-85b2dae97344}</UniqueIdentifier>
      <Extensions>rc;ico;cur;bmp;dlg;rc2;rct;bin;rgs;jpg;jpeg;jpe;png;manifest</Extensions>
    </Filter>
  </ItemGroup>
  <ItemGroup>
    <Image Include="res\testTileMap.ico">
      <Filter>resource</Filter>
    </Image>
    <Image Include="..\Resources\CloseSelected.png">
      <Filter>resource</Filter>
    </Image>
    <Image Include="..\Resources\CloseNormal.png">
      <Filter>resource</Filter>
    </Image>
    <Image Include="..\Resources\HelloWorld.png">
      <Filter>resource</Filter>
    </Image>
  </ItemGroup>
  <ItemGroup>
    <ResourceCompile Include="testTileMap.rc">
      <Filter>resource</Filter>
    </ResourceCompile>
  </ItemGroup>
  <ItemGroup>
    <ClInclude Include="resource.h">
      <Filter>include</Filter>
    </ClInclude>
    <ClInclude Include="main.h">
      <Filter>include</Filter>
    </ClInclude>
    <ClInclude Include="..\Classes\AppDelegate.h">
      <Filter>include</Filter>
    </ClInclude>
    <ClInclude Include="..\Classes\MenuScene.h">
      <Filter>include</Filter>
    </ClInclude>
    <ClInclude Include="..\Classes\PlayScene.h">
      <Filter>include</Filter>
    </ClInclude>
    <ClInclude Include="..\Classes\SceneHolder.h">
      <Filter>include</Filter>
    </ClInclude>
    <ClInclude Include="..\Classes\TitleScene.h">
      <Filter>include</Filter>
    </ClInclude>
  </ItemGroup>
  <ItemGroup>
    <ClCompile Include="main.cpp">
      <Filter>source</Filter>
    </ClCompile>
    <ClCompile Include="..\Classes\AppDelegate.cpp">
      <Filter>source</Filter>
    </ClCompile>
    <ClCompile Include="..\Classes\MenuScene.cpp">
      <Filter>source</Filter>
    </ClCompile>
    <ClCompile Include="..\Classes\PlayScene.cpp">
      <Filter>source</Filter>
    </ClCompile>
    <ClCompile Include="..\Classes\SceneHolder.cpp">
      <Filter>source</Filter>
    </ClCompile>
    <ClCompile Include="..\Classes\TitleScene.cpp">
      <Filter>source</Filter>
    </ClCompile>
  </ItemGroup>
</Project>